
Microsoft Visual Studio Solution File, Format Version 12.00
# Visual Studio Version 17
VisualStudioVersion = 17.7.34031.279
MinimumVisualStudioVersion = 10.0.40219.1
Project("{8BC9CEB8-8B4A-11D0-8D11-00A0C91BC942}") = "找出一个数组中出现次数最多的那个元素", "找出一个数组中出现次数最多的那个元素.vcxproj", "{E2AFF8E3-B308-4AA4-A4E0-DE07FFB45F35}"
EndProject
Global
	GlobalSection(SolutionConfigurationPlatforms) = preSolution
		Debug|x64 = Debug|x64
		Debug|x86 = Debug|x86
		Release|x64 = Release|x64
		Release|x86 = Release|x86
	EndGlobalSection
	GlobalSection(ProjectConfigurationPlatforms) = postSolution
		{E2AFF8E3-B308-4AA4-A4E0-DE07FFB45F35}.Debug|x64.ActiveCfg = Debug|x64
		{E2AFF8E3-B308-4AA4-A4E0-DE07FFB45F35}.Debug|x64.Build.0 = Debug|x64
		{E2AFF8E3-B308-4AA4-A4E0-DE07FFB45F35}.Debug|x86.ActiveCfg = Debug|Win32
		{E2AFF8E3-B308-4AA4-A4E0-DE07FFB45F35}.Debug|x86.Build.0 = Debug|Win32
		{E2AFF8E3-B308-4AA4-A4E0-DE07FFB45F35}.Release|x64.ActiveCfg = Release|x64
		{E2AFF8E3-B308-4AA4-A4E0-DE07FFB45F35}.Release|x64.Build.0 = Release|x64
		{E2AFF8E3-B308-4AA4-A4E0-DE07FFB45F35}.Release|x86.ActiveCfg = Release|Win32
		{E2AFF8E3-B308-4AA4-A4E0-DE07FFB45F35}.Release|x86.Build.0 = Release|Win32
	EndGlobalSection
	GlobalSection(SolutionProperties) = preSolution
		HideSolutionNode = FALSE
	EndGlobalSection
	GlobalSection(ExtensibilityGlobals) = postSolution
		SolutionGuid = {48F61884-29B9-4F9F-A7DB-3B00EDB81778}
	EndGlobalSection
EndGlobal
