
Microsoft Visual Studio Solution File, Format Version 12.00
# Visual Studio Version 17
VisualStudioVersion = 17.7.34031.279
MinimumVisualStudioVersion = 10.0.40219.1
Project("{8BC9CEB8-8B4A-11D0-8D11-00A0C91BC942}") = "qsort函数的模拟实现", "qsort函数的模拟实现.vcxproj", "{FEB2B510-FB83-44E4-BE9B-2650E7B42F24}"
EndProject
Global
	GlobalSection(SolutionConfigurationPlatforms) = preSolution
		Debug|x64 = Debug|x64
		Debug|x86 = Debug|x86
		Release|x64 = Release|x64
		Release|x86 = Release|x86
	EndGlobalSection
	GlobalSection(ProjectConfigurationPlatforms) = postSolution
		{FEB2B510-FB83-44E4-BE9B-2650E7B42F24}.Debug|x64.ActiveCfg = Debug|x64
		{FEB2B510-FB83-44E4-BE9B-2650E7B42F24}.Debug|x64.Build.0 = Debug|x64
		{FEB2B510-FB83-44E4-BE9B-2650E7B42F24}.Debug|x86.ActiveCfg = Debug|Win32
		{FEB2B510-FB83-44E4-BE9B-2650E7B42F24}.Debug|x86.Build.0 = Debug|Win32
		{FEB2B510-FB83-44E4-BE9B-2650E7B42F24}.Release|x64.ActiveCfg = Release|x64
		{FEB2B510-FB83-44E4-BE9B-2650E7B42F24}.Release|x64.Build.0 = Release|x64
		{FEB2B510-FB83-44E4-BE9B-2650E7B42F24}.Release|x86.ActiveCfg = Release|Win32
		{FEB2B510-FB83-44E4-BE9B-2650E7B42F24}.Release|x86.Build.0 = Release|Win32
	EndGlobalSection
	GlobalSection(SolutionProperties) = preSolution
		HideSolutionNode = FALSE
	EndGlobalSection
	GlobalSection(ExtensibilityGlobals) = postSolution
		SolutionGuid = {DEE551EA-629C-445A-B80D-DABD5D7F029B}
	EndGlobalSection
EndGlobal
