
Microsoft Visual Studio Solution File, Format Version 12.00
# Visual Studio Version 17
VisualStudioVersion = 17.7.34031.279
MinimumVisualStudioVersion = 10.0.40219.1
Project("{8BC9CEB8-8B4A-11D0-8D11-00A0C91BC942}") = "写一个宏，可以将一个整数的二进制位的奇数位和偶数位交换。", "写一个宏，可以将一个整数的二进制位的奇数位和偶数位交换。.vcxproj", "{CB3AAFDC-B501-4090-A9CD-3B31809BCAB5}"
EndProject
Global
	GlobalSection(SolutionConfigurationPlatforms) = preSolution
		Debug|x64 = Debug|x64
		Debug|x86 = Debug|x86
		Release|x64 = Release|x64
		Release|x86 = Release|x86
	EndGlobalSection
	GlobalSection(ProjectConfigurationPlatforms) = postSolution
		{CB3AAFDC-B501-4090-A9CD-3B31809BCAB5}.Debug|x64.ActiveCfg = Debug|x64
		{CB3AAFDC-B501-4090-A9CD-3B31809BCAB5}.Debug|x64.Build.0 = Debug|x64
		{CB3AAFDC-B501-4090-A9CD-3B31809BCAB5}.Debug|x86.ActiveCfg = Debug|Win32
		{CB3AAFDC-B501-4090-A9CD-3B31809BCAB5}.Debug|x86.Build.0 = Debug|Win32
		{CB3AAFDC-B501-4090-A9CD-3B31809BCAB5}.Release|x64.ActiveCfg = Release|x64
		{CB3AAFDC-B501-4090-A9CD-3B31809BCAB5}.Release|x64.Build.0 = Release|x64
		{CB3AAFDC-B501-4090-A9CD-3B31809BCAB5}.Release|x86.ActiveCfg = Release|Win32
		{CB3AAFDC-B501-4090-A9CD-3B31809BCAB5}.Release|x86.Build.0 = Release|Win32
	EndGlobalSection
	GlobalSection(SolutionProperties) = preSolution
		HideSolutionNode = FALSE
	EndGlobalSection
	GlobalSection(ExtensibilityGlobals) = postSolution
		SolutionGuid = {B281C2E2-12E7-46CA-AE4A-0FC6FCEEB9D5}
	EndGlobalSection
EndGlobal
