
Microsoft Visual Studio Solution File, Format Version 12.00
# Visual Studio Version 17
VisualStudioVersion = 17.7.34031.279
MinimumVisualStudioVersion = 10.0.40219.1
Project("{8BC9CEB8-8B4A-11D0-8D11-00A0C91BC942}") = "写一个函数打印arr数组的内容，不使用数组下标，使用指针", "写一个函数打印arr数组的内容，不使用数组下标，使用指针.vcxproj", "{7CC3A0DB-9414-4317-84BB-7CE2ECEB1191}"
EndProject
Global
	GlobalSection(SolutionConfigurationPlatforms) = preSolution
		Debug|x64 = Debug|x64
		Debug|x86 = Debug|x86
		Release|x64 = Release|x64
		Release|x86 = Release|x86
	EndGlobalSection
	GlobalSection(ProjectConfigurationPlatforms) = postSolution
		{7CC3A0DB-9414-4317-84BB-7CE2ECEB1191}.Debug|x64.ActiveCfg = Debug|x64
		{7CC3A0DB-9414-4317-84BB-7CE2ECEB1191}.Debug|x64.Build.0 = Debug|x64
		{7CC3A0DB-9414-4317-84BB-7CE2ECEB1191}.Debug|x86.ActiveCfg = Debug|Win32
		{7CC3A0DB-9414-4317-84BB-7CE2ECEB1191}.Debug|x86.Build.0 = Debug|Win32
		{7CC3A0DB-9414-4317-84BB-7CE2ECEB1191}.Release|x64.ActiveCfg = Release|x64
		{7CC3A0DB-9414-4317-84BB-7CE2ECEB1191}.Release|x64.Build.0 = Release|x64
		{7CC3A0DB-9414-4317-84BB-7CE2ECEB1191}.Release|x86.ActiveCfg = Release|Win32
		{7CC3A0DB-9414-4317-84BB-7CE2ECEB1191}.Release|x86.Build.0 = Release|Win32
	EndGlobalSection
	GlobalSection(SolutionProperties) = preSolution
		HideSolutionNode = FALSE
	EndGlobalSection
	GlobalSection(ExtensibilityGlobals) = postSolution
		SolutionGuid = {D9173AA9-B890-4665-96A5-A868D5B9EBA1}
	EndGlobalSection
EndGlobal
