
Microsoft Visual Studio Solution File, Format Version 12.00
# Visual Studio Version 17
VisualStudioVersion = 17.7.34031.279
MinimumVisualStudioVersion = 10.0.40219.1
Project("{8BC9CEB8-8B4A-11D0-8D11-00A0C91BC942}") = "模拟实现strcpy", "模拟实现strcpy.vcxproj", "{E364E853-5DF4-4C47-9C33-CD8EA7702DD6}"
EndProject
Global
	GlobalSection(SolutionConfigurationPlatforms) = preSolution
		Debug|x64 = Debug|x64
		Debug|x86 = Debug|x86
		Release|x64 = Release|x64
		Release|x86 = Release|x86
	EndGlobalSection
	GlobalSection(ProjectConfigurationPlatforms) = postSolution
		{E364E853-5DF4-4C47-9C33-CD8EA7702DD6}.Debug|x64.ActiveCfg = Debug|x64
		{E364E853-5DF4-4C47-9C33-CD8EA7702DD6}.Debug|x64.Build.0 = Debug|x64
		{E364E853-5DF4-4C47-9C33-CD8EA7702DD6}.Debug|x86.ActiveCfg = Debug|Win32
		{E364E853-5DF4-4C47-9C33-CD8EA7702DD6}.Debug|x86.Build.0 = Debug|Win32
		{E364E853-5DF4-4C47-9C33-CD8EA7702DD6}.Release|x64.ActiveCfg = Release|x64
		{E364E853-5DF4-4C47-9C33-CD8EA7702DD6}.Release|x64.Build.0 = Release|x64
		{E364E853-5DF4-4C47-9C33-CD8EA7702DD6}.Release|x86.ActiveCfg = Release|Win32
		{E364E853-5DF4-4C47-9C33-CD8EA7702DD6}.Release|x86.Build.0 = Release|Win32
	EndGlobalSection
	GlobalSection(SolutionProperties) = preSolution
		HideSolutionNode = FALSE
	EndGlobalSection
	GlobalSection(ExtensibilityGlobals) = postSolution
		SolutionGuid = {C3F70303-B101-4447-AA43-109C949D61D0}
	EndGlobalSection
EndGlobal
